
Microsoft Visual Studio Solution File, Format Version 12.00
# Visual Studio Version 16
VisualStudioVersion = 16.0.28729.10
MinimumVisualStudioVersion = 10.0.40219.1
Project("{FAE04EC0-301F-11D3-BF4B-00C04F79EFBC}") = "MountainProjectDBBuilder", "MountainProjectDBBuilder\MountainProjectDBBuilder.csproj", "{A69989D0-FD83-4B73-BA54-E6C0C53DE49D}"
EndProject
Project("{FAE04EC0-301F-11D3-BF4B-00C04F79EFBC}") = "UnitTests", "UnitTests\UnitTests.csproj", "{F84E1E70-8487-4F7C-8F05-B44123A81CE2}"
EndProject
Project("{FAE04EC0-301F-11D3-BF4B-00C04F79EFBC}") = "MountainProjectBot", "MountainProjectBot\MountainProjectBot.csproj", "{242F7F6C-3608-443B-9890-122311F7F2B1}"
EndProject
Project("{FAE04EC0-301F-11D3-BF4B-00C04F79EFBC}") = "MountainProjectAPI", "MountainProjectAPI\MountainProjectAPI.csproj", "{BA6405D4-00B4-4945-BC5D-5FBC214B91E1}"
EndProject
Global
	GlobalSection(SolutionConfigurationPlatforms) = preSolution
		Debug|Any CPU = Debug|Any CPU
		Release|Any CPU = Release|Any CPU
	EndGlobalSection
	GlobalSection(ProjectConfigurationPlatforms) = postSolution
		{A69989D0-FD83-4B73-BA54-E6C0C53DE49D}.Debug|Any CPU.ActiveCfg = Debug|Any CPU
		{A69989D0-FD83-4B73-BA54-E6C0C53DE49D}.Debug|Any CPU.Build.0 = Debug|Any CPU
		{A69989D0-FD83-4B73-BA54-E6C0C53DE49D}.Release|Any CPU.ActiveCfg = Release|Any CPU
		{A69989D0-FD83-4B73-BA54-E6C0C53DE49D}.Release|Any CPU.Build.0 = Release|Any CPU
		{F84E1E70-8487-4F7C-8F05-B44123A81CE2}.Debug|Any CPU.ActiveCfg = Debug|Any CPU
		{F84E1E70-8487-4F7C-8F05-B44123A81CE2}.Debug|Any CPU.Build.0 = Debug|Any CPU
		{F84E1E70-8487-4F7C-8F05-B44123A81CE2}.Release|Any CPU.ActiveCfg = Release|Any CPU
		{F84E1E70-8487-4F7C-8F05-B44123A81CE2}.Release|Any CPU.Build.0 = Release|Any CPU
		{242F7F6C-3608-443B-9890-122311F7F2B1}.Debug|Any CPU.ActiveCfg = Debug|Any CPU
		{242F7F6C-3608-443B-9890-122311F7F2B1}.Debug|Any CPU.Build.0 = Debug|Any CPU
		{242F7F6C-3608-443B-9890-122311F7F2B1}.Release|Any CPU.ActiveCfg = Release|Any CPU
		{242F7F6C-3608-443B-9890-122311F7F2B1}.Release|Any CPU.Build.0 = Release|Any CPU
		{BA6405D4-00B4-4945-BC5D-5FBC214B91E1}.Debug|Any CPU.ActiveCfg = Debug|Any CPU
		{BA6405D4-00B4-4945-BC5D-5FBC214B91E1}.Debug|Any CPU.Build.0 = Debug|Any CPU
		{BA6405D4-00B4-4945-BC5D-5FBC214B91E1}.Release|Any CPU.ActiveCfg = Release|Any CPU
		{BA6405D4-00B4-4945-BC5D-5FBC214B91E1}.Release|Any CPU.Build.0 = Release|Any CPU
	EndGlobalSection
	GlobalSection(SolutionProperties) = preSolution
		HideSolutionNode = FALSE
	EndGlobalSection
	GlobalSection(ExtensibilityGlobals) = postSolution
		SolutionGuid = {EA486F6A-6CED-46FB-9810-C2E7714F55B9}
	EndGlobalSection
EndGlobal
